// !$*UTF8*$!
{
	archiveVersion = 1;
	classes = {
	};
	objectVersion = 56;
	objects = {

/* Begin PBXBuildFile section */
		883BA6282AFEBECF006FB764 /* FinanceDashboardApp.swift in Sources */ = {isa = PBXBuildFile; fileRef = 883BA6272AFEBECF006FB764 /* FinanceDashboardApp.swift */; };
		883BA62A2AFEBECF006FB764 /* ContentView.swift in Sources */ = {isa = PBXBuildFile; fileRef = 883BA6292AFEBECF006FB764 /* ContentView.swift */; };
		883BA62C2AFEBED0006FB764 /* Assets.xcassets in Resources */ = {isa = PBXBuildFile; fileRef = 883BA62B2AFEBED0006FB764 /* Assets.xcassets */; };
		883BA62F2AFEBED0006FB764 /* Preview Assets.xcassets in Resources */ = {isa = PBXBuildFile; fileRef = 883BA62E2AFEBED0006FB764 /* Preview Assets.xcassets */; };
		883BA6392AFEBED0006FB764 /* FinanceDashboardTests.swift in Sources */ = {isa = PBXBuildFile; fileRef = 883BA6382AFEBED0006FB764 /* FinanceDashboardTests.swift */; };
		883BA6432AFEBED0006FB764 /* FinanceDashboardUITests.swift in Sources */ = {isa = PBXBuildFile; fileRef = 883BA6422AFEBED0006FB764 /* FinanceDashboardUITests.swift */; };
		883BA6452AFEBED0006FB764 /* FinanceDashboardUITestsLaunchTests.swift in Sources */ = {isa = PBXBuildFile; fileRef = 883BA6442AFEBED0006FB764 /* FinanceDashboardUITestsLaunchTests.swift */; };
		889D9D1D2AFECD7600CC980C /* HorizontalScrollCards.swift in Sources */ = {isa = PBXBuildFile; fileRef = 889D9D1C2AFECD7600CC980C /* HorizontalScrollCards.swift */; };
/* End PBXBuildFile section */

/* Begin PBXContainerItemProxy section */
		883BA6352AFEBED0006FB764 /* PBXContainerItemProxy */ = {
			isa = PBXContainerItemProxy;
			containerPortal = 883BA61C2AFEBECF006FB764 /* Project object */;
			proxyType = 1;
			remoteGlobalIDString = 883BA6232AFEBECF006FB764;
			remoteInfo = FinanceDashboard;
		};
		883BA63F2AFEBED0006FB764 /* PBXContainerItemProxy */ = {
			isa = PBXContainerItemProxy;
			containerPortal = 883BA61C2AFEBECF006FB764 /* Project object */;
			proxyType = 1;
			remoteGlobalIDString = 883BA6232AFEBECF006FB764;
			remoteInfo = FinanceDashboard;
		};
/* End PBXContainerItemProxy section */

/* Begin PBXFileReference section */
		883BA6242AFEBECF006FB764 /* FinanceDashboard.app */ = {isa = PBXFileReference; explicitFileType = wrapper.application; includeInIndex = 0; path = FinanceDashboard.app; sourceTree = BUILT_PRODUCTS_DIR; };
		883BA6272AFEBECF006FB764 /* FinanceDashboardApp.swift */ = {isa = PBXFileReference; lastKnownFileType = sourcecode.swift; path = FinanceDashboardApp.swift; sourceTree = "<group>"; };
		883BA6292AFEBECF006FB764 /* ContentView.swift */ = {isa = PBXFileReference; lastKnownFileType = sourcecode.swift; path = ContentView.swift; sourceTree = "<group>"; };
		883BA62B2AFEBED0006FB764 /* Assets.xcassets */ = {isa = PBXFileReference; lastKnownFileType = folder.assetcatalog; path = Assets.xcassets; sourceTree = "<group>"; };
		883BA62E2AFEBED0006FB764 /* Preview Assets.xcassets */ = {isa = PBXFileReference; lastKnownFileType = folder.assetcatalog; path = "Preview Assets.xcassets"; sourceTree = "<group>"; };
		883BA6342AFEBED0006FB764 /* FinanceDashboardTests.xctest */ = {isa = PBXFileReference; explicitFileType = wrapper.cfbundle; includeInIndex = 0; path = FinanceDashboardTests.xctest; sourceTree = BUILT_PRODUCTS_DIR; };
		883BA6382AFEBED0006FB764 /* FinanceDashboardTests.swift */ = {isa = PBXFileReference; lastKnownFileType = sourcecode.swift; path = FinanceDashboardTests.swift; sourceTree = "<group>"; };
		883BA63E2AFEBED0006FB764 /* FinanceDashboardUITests.xctest */ = {isa = PBXFileReference; explicitFileType = wrapper.cfbundle; includeInIndex = 0; path = FinanceDashboardUITests.xctest; sourceTree = BUILT_PRODUCTS_DIR; };
		883BA6422AFEBED0006FB764 /* FinanceDashboardUITests.swift */ = {isa = PBXFileReference; lastKnownFileType = sourcecode.swift; path = FinanceDashboardUITests.swift; sourceTree = "<group>"; };
		883BA6442AFEBED0006FB764 /* FinanceDashboardUITestsLaunchTests.swift */ = {isa = PBXFileReference; lastKnownFileType = sourcecode.swift; path = FinanceDashboardUITestsLaunchTests.swift; sourceTree = "<group>"; };
		889D9D1C2AFECD7600CC980C /* HorizontalScrollCards.swift */ = {isa = PBXFileReference; lastKnownFileType = sourcecode.swift; path = HorizontalScrollCards.swift; sourceTree = "<group>"; };
/* End PBXFileReference section */

/* Begin PBXFrameworksBuildPhase section */
		883BA6212AFEBECF006FB764 /* Frameworks */ = {
			isa = PBXFrameworksBuildPhase;
			buildActionMask = 2147483647;
			files = (
			);
			runOnlyForDeploymentPostprocessing = 0;
		};
		883BA6312AFEBED0006FB764 /* Frameworks */ = {
			isa = PBXFrameworksBuildPhase;
			buildActionMask = 2147483647;
			files = (
			);
			runOnlyForDeploymentPostprocessing = 0;
		};
		883BA63B2AFEBED0006FB764 /* Frameworks */ = {
			isa = PBXFrameworksBuildPhase;
			buildActionMask = 2147483647;
			files = (
			);
			runOnlyForDeploymentPostprocessing = 0;
		};
/* End PBXFrameworksBuildPhase section */

/* Begin PBXGroup section */
		883BA61B2AFEBECF006FB764 = {
			isa = PBXGroup;
			children = (
				883BA6262AFEBECF006FB764 /* FinanceDashboard */,
				883BA6372AFEBED0006FB764 /* FinanceDashboardTests */,
				883BA6412AFEBED0006FB764 /* FinanceDashboardUITests */,
				883BA6252AFEBECF006FB764 /* Products */,
			);
			sourceTree = "<group>";
		};
		883BA6252AFEBECF006FB764 /* Products */ = {
			isa = PBXGroup;
			children = (
				883BA6242AFEBECF006FB764 /* FinanceDashboard.app */,
				883BA6342AFEBED0006FB764 /* FinanceDashboardTests.xctest */,
				883BA63E2AFEBED0006FB764 /* FinanceDashboardUITests.xctest */,
			);
			name = Products;
			sourceTree = "<group>";
		};
		883BA6262AFEBECF006FB764 /* FinanceDashboard */ = {
			isa = PBXGroup;
			children = (
				883BA6272AFEBECF006FB764 /* FinanceDashboardApp.swift */,
				883BA6292AFEBECF006FB764 /* ContentView.swift */,
				889D9D1C2AFECD7600CC980C /* HorizontalScrollCards.swift */,
				883BA62B2AFEBED0006FB764 /* Assets.xcassets */,
				883BA62D2AFEBED0006FB764 /* Preview Content */,
			);
			path = FinanceDashboard;
			sourceTree = "<group>";
		};
		883BA62D2AFEBED0006FB764 /* Preview Content */ = {
			isa = PBXGroup;
			children = (
				883BA62E2AFEBED0006FB764 /* Preview Assets.xcassets */,
			);
			path = "Preview Content";
			sourceTree = "<group>";
		};
		883BA6372AFEBED0006FB764 /* FinanceDashboardTests */ = {
			isa = PBXGroup;
			children = (
				883BA6382AFEBED0006FB764 /* FinanceDashboardTests.swift */,
			);
			path = FinanceDashboardTests;
			sourceTree = "<group>";
		};
		883BA6412AFEBED0006FB764 /* FinanceDashboardUITests */ = {
			isa = PBXGroup;
			children = (
				883BA6422AFEBED0006FB764 /* FinanceDashboardUITests.swift */,
				883BA6442AFEBED0006FB764 /* FinanceDashboardUITestsLaunchTests.swift */,
			);
			path = FinanceDashboardUITests;
			sourceTree = "<group>";
		};
/* End PBXGroup section */

/* Begin PBXNativeTarget section */
		883BA6232AFEBECF006FB764 /* FinanceDashboard */ = {
			isa = PBXNativeTarget;
			buildConfigurationList = 883BA6482AFEBED0006FB764 /* Build configuration list for PBXNativeTarget "FinanceDashboard" */;
			buildPhases = (
				883BA6202AFEBECF006FB764 /* Sources */,
				883BA6212AFEBECF006FB764 /* Frameworks */,
				883BA6222AFEBECF006FB764 /* Resources */,
			);
			buildRules = (
			);
			dependencies = (
			);
			name = FinanceDashboard;
			productName = FinanceDashboard;
			productReference = 883BA6242AFEBECF006FB764 /* FinanceDashboard.app */;
			productType = "com.apple.product-type.application";
		};
		883BA6332AFEBED0006FB764 /* FinanceDashboardTests */ = {
			isa = PBXNativeTarget;
			buildConfigurationList = 883BA64B2AFEBED0006FB764 /* Build configuration list for PBXNativeTarget "FinanceDashboardTests" */;
			buildPhases = (
				883BA6302AFEBED0006FB764 /* Sources */,
				883BA6312AFEBED0006FB764 /* Frameworks */,
				883BA6322AFEBED0006FB764 /* Resources */,
			);
			buildRules = (
			);
			dependencies = (
				883BA6362AFEBED0006FB764 /* PBXTargetDependency */,
			);
			name = FinanceDashboardTests;
			productName = FinanceDashboardTests;
			productReference = 883BA6342AFEBED0006FB764 /* FinanceDashboardTests.xctest */;
			productType = "com.apple.product-type.bundle.unit-test";
		};
		883BA63D2AFEBED0006FB764 /* FinanceDashboardUITests */ = {
			isa = PBXNativeTarget;
			buildConfigurationList = 883BA64E2AFEBED0006FB764 /* Build configuration list for PBXNativeTarget "FinanceDashboardUITests" */;
			buildPhases = (
				883BA63A2AFEBED0006FB764 /* Sources */,
				883BA63B2AFEBED0006FB764 /* Frameworks */,
				883BA63C2AFEBED0006FB764 /* Resources */,
			);
			buildRules = (
			);
			dependencies = (
				883BA6402AFEBED0006FB764 /* PBXTargetDependency */,
			);
			name = FinanceDashboardUITests;
			productName = FinanceDashboardUITests;
			productReference = 883BA63E2AFEBED0006FB764 /* FinanceDashboardUITests.xctest */;
			productType = "com.apple.product-type.bundle.ui-testing";
		};
/* End PBXNativeTarget section */

/* Begin PBXProject section */
		883BA61C2AFEBECF006FB764 /* Project object */ = {
			isa = PBXProject;
			attributes = {
				BuildIndependentTargetsInParallel = 1;
				LastSwiftUpdateCheck = 1500;
				LastUpgradeCheck = 1500;
				TargetAttributes = {
					883BA6232AFEBECF006FB764 = {
						CreatedOnToolsVersion = 15.0.1;
					};
					883BA6332AFEBED0006FB764 = {
						CreatedOnToolsVersion = 15.0.1;
						TestTargetID = 883BA6232AFEBECF006FB764;
					};
					883BA63D2AFEBED0006FB764 = {
						CreatedOnToolsVersion = 15.0.1;
						TestTargetID = 883BA6232AFEBECF006FB764;
					};
				};
			};
			buildConfigurationList = 883BA61F2AFEBECF006FB764 /* Build configuration list for PBXProject "FinanceDashboard" */;
			compatibilityVersion = "Xcode 14.0";
			developmentRegion = en;
			hasScannedForEncodings = 0;
			knownRegions = (
				en,
				Base,
			);
			mainGroup = 883BA61B2AFEBECF006FB764;
			productRefGroup = 883BA6252AFEBECF006FB764 /* Products */;
			projectDirPath = "";
			projectRoot = "";
			targets = (
				883BA6232AFEBECF006FB764 /* FinanceDashboard */,
				883BA6332AFEBED0006FB764 /* FinanceDashboardTests */,
				883BA63D2AFEBED0006FB764 /* FinanceDashboardUITests */,
			);
		};
/* End PBXProject section */

/* Begin PBXResourcesBuildPhase section */
		883BA6222AFEBECF006FB764 /* Resources */ = {
			isa = PBXResourcesBuildPhase;
			buildActionMask = 2147483647;
			files = (
				883BA62F2AFEBED0006FB764 /* Preview Assets.xcassets in Resources */,
				883BA62C2AFEBED0006FB764 /* Assets.xcassets in Resources */,
			);
			runOnlyForDeploymentPostprocessing = 0;
		};
		883BA6322AFEBED0006FB764 /* Resources */ = {
			isa = PBXResourcesBuildPhase;
			buildActionMask = 2147483647;
			files = (
			);
			runOnlyForDeploymentPostprocessing = 0;
		};
		883BA63C2AFEBED0006FB764 /* Resources */ = {
			isa = PBXResourcesBuildPhase;
			buildActionMask = 2147483647;
			files = (
			);
			runOnlyForDeploymentPostprocessing = 0;
		};
/* End PBXResourcesBuildPhase section */

/* Begin PBXSourcesBuildPhase section */
		883BA6202AFEBECF006FB764 /* Sources */ = {
			isa = PBXSourcesBuildPhase;
			buildActionMask = 2147483647;
			files = (
				889D9D1D2AFECD7600CC980C /* HorizontalScrollCards.swift in Sources */,
				883BA62A2AFEBECF006FB764 /* ContentView.swift in Sources */,
				883BA6282AFEBECF006FB764 /* FinanceDashboardApp.swift in Sources */,
			);
			runOnlyForDeploymentPostprocessing = 0;
		};
		883BA6302AFEBED0006FB764 /* Sources */ = {
			isa = PBXSourcesBuildPhase;
			buildActionMask = 2147483647;
			files = (
				883BA6392AFEBED0006FB764 /* FinanceDashboardTests.swift in Sources */,
			);
			runOnlyForDeploymentPostprocessing = 0;
		};
		883BA63A2AFEBED0006FB764 /* Sources */ = {
			isa = PBXSourcesBuildPhase;
			buildActionMask = 2147483647;
			files = (
				883BA6452AFEBED0006FB764 /* FinanceDashboardUITestsLaunchTests.swift in Sources */,
				883BA6432AFEBED0006FB764 /* FinanceDashboardUITests.swift in Sources */,
			);
			runOnlyForDeploymentPostprocessing = 0;
		};
/* End PBXSourcesBuildPhase section */

/* Begin PBXTargetDependency section */
		883BA6362AFEBED0006FB764 /* PBXTargetDependency */ = {
			isa = PBXTargetDependency;
			target = 883BA6232AFEBECF006FB764 /* FinanceDashboard */;
			targetProxy = 883BA6352AFEBED0006FB764 /* PBXContainerItemProxy */;
		};
		883BA6402AFEBED0006FB764 /* PBXTargetDependency */ = {
			isa = PBXTargetDependency;
			target = 883BA6232AFEBECF006FB764 /* FinanceDashboard */;
			targetProxy = 883BA63F2AFEBED0006FB764 /* PBXContainerItemProxy */;
		};
/* End PBXTargetDependency section */

/* Begin XCBuildConfiguration section */
		883BA6462AFEBED0006FB764 /* Debug */ = {
			isa = XCBuildConfiguration;
			buildSettings = {
				ALWAYS_SEARCH_USER_PATHS = NO;
				ASSETCATALOG_COMPILER_GENERATE_SWIFT_ASSET_SYMBOL_EXTENSIONS = YES;
				CLANG_ANALYZER_NONNULL = YES;
				CLANG_ANALYZER_NUMBER_OBJECT_CONVERSION = YES_AGGRESSIVE;
				CLANG_CXX_LANGUAGE_STANDARD = "gnu++20";
				CLANG_ENABLE_MODULES = YES;
				CLANG_ENABLE_OBJC_ARC = YES;
				CLANG_ENABLE_OBJC_WEAK = YES;
				CLANG_WARN_BLOCK_CAPTURE_AUTORELEASING = YES;
				CLANG_WARN_BOOL_CONVERSION = YES;
				CLANG_WARN_COMMA = YES;
				CLANG_WARN_CONSTANT_CONVERSION = YES;
				CLANG_WARN_DEPRECATED_OBJC_IMPLEMENTATIONS = YES;
				CLANG_WARN_DIRECT_OBJC_ISA_USAGE = YES_ERROR;
				CLANG_WARN_DOCUMENTATION_COMMENTS = YES;
				CLANG_WARN_EMPTY_BODY = YES;
				CLANG_WARN_ENUM_CONVERSION = YES;
				CLANG_WARN_INFINITE_RECURSION = YES;
				CLANG_WARN_INT_CONVERSION = YES;
				CLANG_WARN_NON_LITERAL_NULL_CONVERSION = YES;
				CLANG_WARN_OBJC_IMPLICIT_RETAIN_SELF = YES;
				CLANG_WARN_OBJC_LITERAL_CONVERSION = YES;
				CLANG_WARN_OBJC_ROOT_CLASS = YES_ERROR;
				CLANG_WARN_QUOTED_INCLUDE_IN_FRAMEWORK_HEADER = YES;
				CLANG_WARN_RANGE_LOOP_ANALYSIS = YES;
				CLANG_WARN_STRICT_PROTOTYPES = YES;
				CLANG_WARN_SUSPICIOUS_MOVE = YES;
				CLANG_WARN_UNGUARDED_AVAILABILITY = YES_AGGRESSIVE;
				CLANG_WARN_UNREACHABLE_CODE = YES;
				CLANG_WARN__DUPLICATE_METHOD_MATCH = YES;
				COPY_PHASE_STRIP = NO;
				DEBUG_INFORMATION_FORMAT = dwarf;
				ENABLE_STRICT_OBJC_MSGSEND = YES;
				ENABLE_TESTABILITY = YES;
				ENABLE_USER_SCRIPT_SANDBOXING = YES;
				GCC_C_LANGUAGE_STANDARD = gnu17;
				GCC_DYNAMIC_NO_PIC = NO;
				GCC_NO_COMMON_BLOCKS = YES;
				GCC_OPTIMIZATION_LEVEL = 0;
				GCC_PREPROCESSOR_DEFINITIONS = (
					"DEBUG=1",
					"$(inherited)",
				);
				GCC_WARN_64_TO_32_BIT_CONVERSION = YES;
				GCC_WARN_ABOUT_RETURN_TYPE = YES_ERROR;
				GCC_WARN_UNDECLARED_SELECTOR = YES;
				GCC_WARN_UNINITIALIZED_AUTOS = YES_AGGRESSIVE;
				GCC_WARN_UNUSED_FUNCTION = YES;
				GCC_WARN_UNUSED_VARIABLE = YES;
				IPHONEOS_DEPLOYMENT_TARGET = 17.0;
				LOCALIZATION_PREFERS_STRING_CATALOGS = YES;
				MTL_ENABLE_DEBUG_INFO = INCLUDE_SOURCE;
				MTL_FAST_MATH = YES;
				ONLY_ACTIVE_ARCH = YES;
				SDKROOT = iphoneos;
				SWIFT_ACTIVE_COMPILATION_CONDITIONS = "DEBUG $(inherited)";
				SWIFT_OPTIMIZATION_LEVEL = "-Onone";
			};
			name = Debug;
		};
		883BA6472AFEBED0006FB764 /* Release */ = {
			isa = XCBuildConfiguration;
			buildSettings = {
				ALWAYS_SEARCH_USER_PATHS = NO;
				ASSETCATALOG_COMPILER_GENERATE_SWIFT_ASSET_SYMBOL_EXTENSIONS = YES;
				CLANG_ANALYZER_NONNULL = YES;
				CLANG_ANALYZER_NUMBER_OBJECT_CONVERSION = YES_AGGRESSIVE;
				CLANG_CXX_LANGUAGE_STANDARD = "gnu++20";
				CLANG_ENABLE_MODULES = YES;
				CLANG_ENABLE_OBJC_ARC = YES;
				CLANG_ENABLE_OBJC_WEAK = YES;
				CLANG_WARN_BLOCK_CAPTURE_AUTORELEASING = YES;
				CLANG_WARN_BOOL_CONVERSION = YES;
				CLANG_WARN_COMMA = YES;
				CLANG_WARN_CONSTANT_CONVERSION = YES;
				CLANG_WARN_DEPRECATED_OBJC_IMPLEMENTATIONS = YES;
				CLANG_WARN_DIRECT_OBJC_ISA_USAGE = YES_ERROR;
				CLANG_WARN_DOCUMENTATION_COMMENTS = YES;
				CLANG_WARN_EMPTY_BODY = YES;
				CLANG_WARN_ENUM_CONVERSION = YES;
				CLANG_WARN_INFINITE_RECURSION = YES;
				CLANG_WARN_INT_CONVERSION = YES;
				CLANG_WARN_NON_LITERAL_NULL_CONVERSION = YES;
				CLANG_WARN_OBJC_IMPLICIT_RETAIN_SELF = YES;
				CLANG_WARN_OBJC_LITERAL_CONVERSION = YES;
				CLANG_WARN_OBJC_ROOT_CLASS = YES_ERROR;
				CLANG_WARN_QUOTED_INCLUDE_IN_FRAMEWORK_HEADER = YES;
				CLANG_WARN_RANGE_LOOP_ANALYSIS = YES;
				CLANG_WARN_STRICT_PROTOTYPES = YES;
				CLANG_WARN_SUSPICIOUS_MOVE = YES;
				CLANG_WARN_UNGUARDED_AVAILABILITY = YES_AGGRESSIVE;
				CLANG_WARN_UNREACHABLE_CODE = YES;
				CLANG_WARN__DUPLICATE_METHOD_MATCH = YES;
				COPY_PHASE_STRIP = NO;
				DEBUG_INFORMATION_FORMAT = "dwarf-with-dsym";
				ENABLE_NS_ASSERTIONS = NO;
				ENABLE_STRICT_OBJC_MSGSEND = YES;
				ENABLE_USER_SCRIPT_SANDBOXING = YES;
				GCC_C_LANGUAGE_STANDARD = gnu17;
				GCC_NO_COMMON_BLOCKS = YES;
				GCC_WARN_64_TO_32_BIT_CONVERSION = YES;
				GCC_WARN_ABOUT_RETURN_TYPE = YES_ERROR;
				GCC_WARN_UNDECLARED_SELECTOR = YES;
				GCC_WARN_UNINITIALIZED_AUTOS = YES_AGGRESSIVE;
				GCC_WARN_UNUSED_FUNCTION = YES;
				GCC_WARN_UNUSED_VARIABLE = YES;
				IPHONEOS_DEPLOYMENT_TARGET = 17.0;
				LOCALIZATION_PREFERS_STRING_CATALOGS = YES;
				MTL_ENABLE_DEBUG_INFO = NO;
				MTL_FAST_MATH = YES;
				SDKROOT = iphoneos;
				SWIFT_COMPILATION_MODE = wholemodule;
				VALIDATE_PRODUCT = YES;
			};
			name = Release;
		};
		883BA6492AFEBED0006FB764 /* Debug */ = {
			isa = XCBuildConfiguration;
			buildSettings = {
				ASSETCATALOG_COMPILER_APPICON_NAME = AppIcon;
				ASSETCATALOG_COMPILER_GLOBAL_ACCENT_COLOR_NAME = AccentColor;
				CODE_SIGN_STYLE = Automatic;
				CURRENT_PROJECT_VERSION = 1;
				DEVELOPMENT_ASSET_PATHS = "\"FinanceDashboard/Preview Content\"";
				ENABLE_PREVIEWS = YES;
				GENERATE_INFOPLIST_FILE = YES;
				INFOPLIST_KEY_UIApplicationSceneManifest_Generation = YES;
				INFOPLIST_KEY_UIApplicationSupportsIndirectInputEvents = YES;
				INFOPLIST_KEY_UILaunchScreen_Generation = YES;
				INFOPLIST_KEY_UISupportedInterfaceOrientations_iPad = "UIInterfaceOrientationPortrait UIInterfaceOrientationPortraitUpsideDown UIInterfaceOrientationLandscapeLeft UIInterfaceOrientationLandscapeRight";
				INFOPLIST_KEY_UISupportedInterfaceOrientations_iPhone = "UIInterfaceOrientationPortrait UIInterfaceOrientationLandscapeLeft UIInterfaceOrientationLandscapeRight";
				LD_RUNPATH_SEARCH_PATHS = (
					"$(inherited)",
					"@executable_path/Frameworks",
				);
				MARKETING_VERSION = 1.0;
				PRODUCT_BUNDLE_IDENTIFIER = martinoli.FinanceDashboard;
				PRODUCT_NAME = "$(TARGET_NAME)";
				SWIFT_EMIT_LOC_STRINGS = YES;
				SWIFT_VERSION = 5.0;
				TARGETED_DEVICE_FAMILY = "1,2";
			};
			name = Debug;
		};
		883BA64A2AFEBED0006FB764 /* Release */ = {
			isa = XCBuildConfiguration;
			buildSettings = {
				ASSETCATALOG_COMPILER_APPICON_NAME = AppIcon;
				ASSETCATALOG_COMPILER_GLOBAL_ACCENT_COLOR_NAME = AccentColor;
				CODE_SIGN_STYLE = Automatic;
				CURRENT_PROJECT_VERSION = 1;
				DEVELOPMENT_ASSET_PATHS = "\"FinanceDashboard/Preview Content\"";
				ENABLE_PREVIEWS = YES;
				GENERATE_INFOPLIST_FILE = YES;
				INFOPLIST_KEY_UIApplicationSceneManifest_Generation = YES;
				INFOPLIST_KEY_UIApplicationSupportsIndirectInputEvents = YES;
				INFOPLIST_KEY_UILaunchScreen_Generation = YES;
				INFOPLIST_KEY_UISupportedInterfaceOrientations_iPad = "UIInterfaceOrientationPortrait UIInterfaceOrientationPortraitUpsideDown UIInterfaceOrientationLandscapeLeft UIInterfaceOrientationLandscapeRight";
				INFOPLIST_KEY_UISupportedInterfaceOrientations_iPhone = "UIInterfaceOrientationPortrait UIInterfaceOrientationLandscapeLeft UIInterfaceOrientationLandscapeRight";
				LD_RUNPATH_SEARCH_PATHS = (
					"$(inherited)",
					"@executable_path/Frameworks",
				);
				MARKETING_VERSION = 1.0;
				PRODUCT_BUNDLE_IDENTIFIER = martinoli.FinanceDashboard;
				PRODUCT_NAME = "$(TARGET_NAME)";
				SWIFT_EMIT_LOC_STRINGS = YES;
				SWIFT_VERSION = 5.0;
				TARGETED_DEVICE_FAMILY = "1,2";
			};
			name = Release;
		};
		883BA64C2AFEBED0006FB764 /* Debug */ = {
			isa = XCBuildConfiguration;
			buildSettings = {
				ALWAYS_EMBED_SWIFT_STANDARD_LIBRARIES = YES;
				BUNDLE_LOADER = "$(TEST_HOST)";
				CODE_SIGN_STYLE = Automatic;
				CURRENT_PROJECT_VERSION = 1;
				GENERATE_INFOPLIST_FILE = YES;
				IPHONEOS_DEPLOYMENT_TARGET = 17.0;
				MARKETING_VERSION = 1.0;
				PRODUCT_BUNDLE_IDENTIFIER = martinoli.FinanceDashboardTests;
				PRODUCT_NAME = "$(TARGET_NAME)";
				SWIFT_EMIT_LOC_STRINGS = NO;
				SWIFT_VERSION = 5.0;
				TARGETED_DEVICE_FAMILY = "1,2";
				TEST_HOST = "$(BUILT_PRODUCTS_DIR)/FinanceDashboard.app/$(BUNDLE_EXECUTABLE_FOLDER_PATH)/FinanceDashboard";
			};
			name = Debug;
		};
		883BA64D2AFEBED0006FB764 /* Release */ = {
			isa = XCBuildConfiguration;
			buildSettings = {
				ALWAYS_EMBED_SWIFT_STANDARD_LIBRARIES = YES;
				BUNDLE_LOADER = "$(TEST_HOST)";
				CODE_SIGN_STYLE = Automatic;
				CURRENT_PROJECT_VERSION = 1;
				GENERATE_INFOPLIST_FILE = YES;
				IPHONEOS_DEPLOYMENT_TARGET = 17.0;
				MARKETING_VERSION = 1.0;
				PRODUCT_BUNDLE_IDENTIFIER = martinoli.FinanceDashboardTests;
				PRODUCT_NAME = "$(TARGET_NAME)";
				SWIFT_EMIT_LOC_STRINGS = NO;
				SWIFT_VERSION = 5.0;
				TARGETED_DEVICE_FAMILY = "1,2";
				TEST_HOST = "$(BUILT_PRODUCTS_DIR)/FinanceDashboard.app/$(BUNDLE_EXECUTABLE_FOLDER_PATH)/FinanceDashboard";
			};
			name = Release;
		};
		883BA64F2AFEBED0006FB764 /* Debug */ = {
			isa = XCBuildConfiguration;
			buildSettings = {
				ALWAYS_EMBED_SWIFT_STANDARD_LIBRARIES = YES;
				CODE_SIGN_STYLE = Automatic;
				CURRENT_PROJECT_VERSION = 1;
				GENERATE_INFOPLIST_FILE = YES;
				MARKETING_VERSION = 1.0;
				PRODUCT_BUNDLE_IDENTIFIER = martinoli.FinanceDashboardUITests;
				PRODUCT_NAME = "$(TARGET_NAME)";
				SWIFT_EMIT_LOC_STRINGS = NO;
				SWIFT_VERSION = 5.0;
				TARGETED_DEVICE_FAMILY = "1,2";
				TEST_TARGET_NAME = FinanceDashboard;
			};
			name = Debug;
		};
		883BA6502AFEBED0006FB764 /* Release */ = {
			isa = XCBuildConfiguration;
			buildSettings = {
				ALWAYS_EMBED_SWIFT_STANDARD_LIBRARIES = YES;
				CODE_SIGN_STYLE = Automatic;
				CURRENT_PROJECT_VERSION = 1;
				GENERATE_INFOPLIST_FILE = YES;
				MARKETING_VERSION = 1.0;
				PRODUCT_BUNDLE_IDENTIFIER = martinoli.FinanceDashboardUITests;
				PRODUCT_NAME = "$(TARGET_NAME)";
				SWIFT_EMIT_LOC_STRINGS = NO;
				SWIFT_VERSION = 5.0;
				TARGETED_DEVICE_FAMILY = "1,2";
				TEST_TARGET_NAME = FinanceDashboard;
			};
			name = Release;
		};
/* End XCBuildConfiguration section */

/* Begin XCConfigurationList section */
		883BA61F2AFEBECF006FB764 /* Build configuration list for PBXProject "FinanceDashboard" */ = {
			isa = XCConfigurationList;
			buildConfigurations = (
				883BA6462AFEBED0006FB764 /* Debug */,
				883BA6472AFEBED0006FB764 /* Release */,
			);
			defaultConfigurationIsVisible = 0;
			defaultConfigurationName = Release;
		};
		883BA6482AFEBED0006FB764 /* Build configuration list for PBXNativeTarget "FinanceDashboard" */ = {
			isa = XCConfigurationList;
			buildConfigurations = (
				883BA6492AFEBED0006FB764 /* Debug */,
				883BA64A2AFEBED0006FB764 /* Release */,
			);
			defaultConfigurationIsVisible = 0;
			defaultConfigurationName = Release;
		};
		883BA64B2AFEBED0006FB764 /* Build configuration list for PBXNativeTarget "FinanceDashboardTests" */ = {
			isa = XCConfigurationList;
			buildConfigurations = (
				883BA64C2AFEBED0006FB764 /* Debug */,
				883BA64D2AFEBED0006FB764 /* Release */,
			);
			defaultConfigurationIsVisible = 0;
			defaultConfigurationName = Release;
		};
		883BA64E2AFEBED0006FB764 /* Build configuration list for PBXNativeTarget "FinanceDashboardUITests" */ = {
			isa = XCConfigurationList;
			buildConfigurations = (
				883BA64F2AFEBED0006FB764 /* Debug */,
				883BA6502AFEBED0006FB764 /* Release */,
			);
			defaultConfigurationIsVisible = 0;
			defaultConfigurationName = Release;
		};
/* End XCConfigurationList section */
	};
	rootObject = 883BA61C2AFEBECF006FB764 /* Project object */;
}
